
Microsoft Visual Studio Solution File, Format Version 12.00
# Visual Studio Version 17
VisualStudioVersion = 17.5.33424.131
MinimumVisualStudioVersion = 10.0.40219.1
Project("{FAE04EC0-301F-11D3-BF4B-00C04F79EFBC}") = "SharePoint - ASPDOTNETWebAPP", "SharePoint - ASPDOTNETWebAPP.csproj", "{290AD6DB-2B58-47A0-8253-593B0A443B37}"
EndProject
Global
	GlobalSection(SolutionConfigurationPlatforms) = preSolution
		Debug|Any CPU = Debug|Any CPU
		Release|Any CPU = Release|Any CPU
	EndGlobalSection
	GlobalSection(ProjectConfigurationPlatforms) = postSolution
		{290AD6DB-2B58-47A0-8253-593B0A443B37}.Debug|Any CPU.ActiveCfg = Debug|Any CPU
		{290AD6DB-2B58-47A0-8253-593B0A443B37}.Debug|Any CPU.Build.0 = Debug|Any CPU
		{290AD6DB-2B58-47A0-8253-593B0A443B37}.Release|Any CPU.ActiveCfg = Release|Any CPU
		{290AD6DB-2B58-47A0-8253-593B0A443B37}.Release|Any CPU.Build.0 = Release|Any CPU
	EndGlobalSection
	GlobalSection(SolutionProperties) = preSolution
		HideSolutionNode = FALSE
	EndGlobalSection
	GlobalSection(ExtensibilityGlobals) = postSolution
		SolutionGuid = {00C2B6A2-0DAF-4ED6-9606-8929D124ABCA}
	EndGlobalSection
EndGlobal
